// !$*UTF8*$!
{
	archiveVersion = 1;
	classes = {
	};
	objectVersion = 46;
	objects = {

/* Begin PBXBuildFile section */
		3D71E0B2199EC7E200D1338F /* Foundation.framework in Frameworks */ = {isa = PBXBuildFile; fileRef = 3D71E0B1199EC7E200D1338F /* Foundation.framework */; };
		3D71E0B4199EC7E200D1338F /* CoreGraphics.framework in Frameworks */ = {isa = PBXBuildFile; fileRef = 3D71E0B3199EC7E200D1338F /* CoreGraphics.framework */; };
		3D71E0B6199EC7E200D1338F /* UIKit.framework in Frameworks */ = {isa = PBXBuildFile; fileRef = 3D71E0B5199EC7E200D1338F /* UIKit.framework */; };
		3D71E0B8199EC7E200D1338F /* CoreData.framework in Frameworks */ = {isa = PBXBuildFile; fileRef = 3D71E0B7199EC7E200D1338F /* CoreData.framework */; };
		3D71E0BE199EC7E200D1338F /* InfoPlist.strings in Resources */ = {isa = PBXBuildFile; fileRef = 3D71E0BC199EC7E200D1338F /* InfoPlist.strings */; };
		3D71E0C0199EC7E200D1338F /* main.m in Sources */ = {isa = PBXBuildFile; fileRef = 3D71E0BF199EC7E200D1338F /* main.m */; };
		3D71E0C4199EC7E200D1338F /* AppDelegate.m in Sources */ = {isa = PBXBuildFile; fileRef = 3D71E0C3199EC7E200D1338F /* AppDelegate.m */; };
		3D71E0C7199EC7E200D1338F /* Main.storyboard in Resources */ = {isa = PBXBuildFile; fileRef = 3D71E0C5199EC7E200D1338F /* Main.storyboard */; };
		3D71E0CA199EC7E200D1338F /* ControlingSource.xcdatamodeld in Sources */ = {isa = PBXBuildFile; fileRef = 3D71E0C8199EC7E200D1338F /* ControlingSource.xcdatamodeld */; };
		3D71E0CD199EC7E200D1338F /* MasterViewController.m in Sources */ = {isa = PBXBuildFile; fileRef = 3D71E0CC199EC7E200D1338F /* MasterViewController.m */; };
		3D71E0D0199EC7E200D1338F /* DetailViewController.m in Sources */ = {isa = PBXBuildFile; fileRef = 3D71E0CF199EC7E200D1338F /* DetailViewController.m */; };
		3D71E0D2199EC7E200D1338F /* Images.xcassets in Resources */ = {isa = PBXBuildFile; fileRef = 3D71E0D1199EC7E200D1338F /* Images.xcassets */; };
		3D71E0D9199EC7E200D1338F /* XCTest.framework in Frameworks */ = {isa = PBXBuildFile; fileRef = 3D71E0D8199EC7E200D1338F /* XCTest.framework */; };
		3D71E0DA199EC7E200D1338F /* Foundation.framework in Frameworks */ = {isa = PBXBuildFile; fileRef = 3D71E0B1199EC7E200D1338F /* Foundation.framework */; };
		3D71E0DB199EC7E200D1338F /* UIKit.framework in Frameworks */ = {isa = PBXBuildFile; fileRef = 3D71E0B5199EC7E200D1338F /* UIKit.framework */; };
		3D71E0DC199EC7E200D1338F /* CoreData.framework in Frameworks */ = {isa = PBXBuildFile; fileRef = 3D71E0B7199EC7E200D1338F /* CoreData.framework */; };
		3D71E0E4199EC7E200D1338F /* InfoPlist.strings in Resources */ = {isa = PBXBuildFile; fileRef = 3D71E0E2199EC7E200D1338F /* InfoPlist.strings */; };
		3D71E0E6199EC7E200D1338F /* ControlingSourceTests.m in Sources */ = {isa = PBXBuildFile; fileRef = 3D71E0E5199EC7E200D1338F /* ControlingSourceTests.m */; };
/* End PBXBuildFile section */

/* Begin PBXContainerItemProxy section */
		3D71E0DD199EC7E200D1338F /* PBXContainerItemProxy */ = {
			isa = PBXContainerItemProxy;
			containerPortal = 3D71E0A6199EC7E200D1338F /* Project object */;
			proxyType = 1;
			remoteGlobalIDString = 3D71E0AD199EC7E200D1338F;
			remoteInfo = ControlingSource;
		};
/* End PBXContainerItemProxy section */

/* Begin PBXFileReference section */
		3D71E0AE199EC7E200D1338F /* ControlingSource.app */ = {isa = PBXFileReference; explicitFileType = wrapper.application; includeInIndex = 0; path = ControlingSource.app; sourceTree = BUILT_PRODUCTS_DIR; };
		3D71E0B1199EC7E200D1338F /* Foundation.framework */ = {isa = PBXFileReference; lastKnownFileType = wrapper.framework; name = Foundation.framework; path = System/Library/Frameworks/Foundation.framework; sourceTree = SDKROOT; };
		3D71E0B3199EC7E200D1338F /* CoreGraphics.framework */ = {isa = PBXFileReference; lastKnownFileType = wrapper.framework; name = CoreGraphics.framework; path = System/Library/Frameworks/CoreGraphics.framework; sourceTree = SDKROOT; };
		3D71E0B5199EC7E200D1338F /* UIKit.framework */ = {isa = PBXFileReference; lastKnownFileType = wrapper.framework; name = UIKit.framework; path = System/Library/Frameworks/UIKit.framework; sourceTree = SDKROOT; };
		3D71E0B7199EC7E200D1338F /* CoreData.framework */ = {isa = PBXFileReference; lastKnownFileType = wrapper.framework; name = CoreData.framework; path = System/Library/Frameworks/CoreData.framework; sourceTree = SDKROOT; };
		3D71E0BB199EC7E200D1338F /* ControlingSource-Info.plist */ = {isa = PBXFileReference; lastKnownFileType = text.plist.xml; path = "ControlingSource-Info.plist"; sourceTree = "<group>"; };
		3D71E0BD199EC7E200D1338F /* en */ = {isa = PBXFileReference; lastKnownFileType = text.plist.strings; name = en; path = en.lproj/InfoPlist.strings; sourceTree = "<group>"; };
		3D71E0BF199EC7E200D1338F /* main.m */ = {isa = PBXFileReference; lastKnownFileType = sourcecode.c.objc; path = main.m; sourceTree = "<group>"; };
		3D71E0C1199EC7E200D1338F /* ControlingSource-Prefix.pch */ = {isa = PBXFileReference; lastKnownFileType = sourcecode.c.h; path = "ControlingSource-Prefix.pch"; sourceTree = "<group>"; };
		3D71E0C2199EC7E200D1338F /* AppDelegate.h */ = {isa = PBXFileReference; lastKnownFileType = sourcecode.c.h; path = AppDelegate.h; sourceTree = "<group>"; };
		3D71E0C3199EC7E200D1338F /* AppDelegate.m */ = {isa = PBXFileReference; lastKnownFileType = sourcecode.c.objc; path = AppDelegate.m; sourceTree = "<group>"; };
		3D71E0C6199EC7E200D1338F /* Base */ = {isa = PBXFileReference; lastKnownFileType = file.storyboard; name = Base; path = Base.lproj/Main.storyboard; sourceTree = "<group>"; };
		3D71E0C9199EC7E200D1338F /* ControlingSource.xcdatamodel */ = {isa = PBXFileReference; lastKnownFileType = wrapper.xcdatamodel; path = ControlingSource.xcdatamodel; sourceTree = "<group>"; };
		3D71E0CB199EC7E200D1338F /* MasterViewController.h */ = {isa = PBXFileReference; lastKnownFileType = sourcecode.c.h; path = MasterViewController.h; sourceTree = "<group>"; };
		3D71E0CC199EC7E200D1338F /* MasterViewController.m */ = {isa = PBXFileReference; lastKnownFileType = sourcecode.c.objc; path = MasterViewController.m; sourceTree = "<group>"; };
		3D71E0CE199EC7E200D1338F /* DetailViewController.h */ = {isa = PBXFileReference; lastKnownFileType = sourcecode.c.h; path = DetailViewController.h; sourceTree = "<group>"; };
		3D71E0CF199EC7E200D1338F /* DetailViewController.m */ = {isa = PBXFileReference; lastKnownFileType = sourcecode.c.objc; path = DetailViewController.m; sourceTree = "<group>"; };
		3D71E0D1199EC7E200D1338F /* Images.xcassets */ = {isa = PBXFileReference; lastKnownFileType = folder.assetcatalog; path = Images.xcassets; sourceTree = "<group>"; };
		3D71E0D7199EC7E200D1338F /* ControlingSourceTests.xctest */ = {isa = PBXFileReference; explicitFileType = wrapper.cfbundle; includeInIndex = 0; path = ControlingSourceTests.xctest; sourceTree = BUILT_PRODUCTS_DIR; };
		3D71E0D8199EC7E200D1338F /* XCTest.framework */ = {isa = PBXFileReference; lastKnownFileType = wrapper.framework; name = XCTest.framework; path = Library/Frameworks/XCTest.framework; sourceTree = DEVELOPER_DIR; };
		3D71E0E1199EC7E200D1338F /* ControlingSourceTests-Info.plist */ = {isa = PBXFileReference; lastKnownFileType = text.plist.xml; path = "ControlingSourceTests-Info.plist"; sourceTree = "<group>"; };
		3D71E0E3199EC7E200D1338F /* en */ = {isa = PBXFileReference; lastKnownFileType = text.plist.strings; name = en; path = en.lproj/InfoPlist.strings; sourceTree = "<group>"; };
		3D71E0E5199EC7E200D1338F /* ControlingSourceTests.m */ = {isa = PBXFileReference; lastKnownFileType = sourcecode.c.objc; path = ControlingSourceTests.m; sourceTree = "<group>"; };
/* End PBXFileReference section */

/* Begin PBXFrameworksBuildPhase section */
		3D71E0AB199EC7E200D1338F /* Frameworks */ = {
			isa = PBXFrameworksBuildPhase;
			buildActionMask = 2147483647;
			files = (
				3D71E0B4199EC7E200D1338F /* CoreGraphics.framework in Frameworks */,
				3D71E0B8199EC7E200D1338F /* CoreData.framework in Frameworks */,
				3D71E0B6199EC7E200D1338F /* UIKit.framework in Frameworks */,
				3D71E0B2199EC7E200D1338F /* Foundation.framework in Frameworks */,
			);
			runOnlyForDeploymentPostprocessing = 0;
		};
		3D71E0D4199EC7E200D1338F /* Frameworks */ = {
			isa = PBXFrameworksBuildPhase;
			buildActionMask = 2147483647;
			files = (
				3D71E0D9199EC7E200D1338F /* XCTest.framework in Frameworks */,
				3D71E0DC199EC7E200D1338F /* CoreData.framework in Frameworks */,
				3D71E0DB199EC7E200D1338F /* UIKit.framework in Frameworks */,
				3D71E0DA199EC7E200D1338F /* Foundation.framework in Frameworks */,
			);
			runOnlyForDeploymentPostprocessing = 0;
		};
/* End PBXFrameworksBuildPhase section */

/* Begin PBXGroup section */
		3D03BB32199ECE3F00AEC415 /* View Controllers */ = {
			isa = PBXGroup;
			children = (
				3D71E0CB199EC7E200D1338F /* MasterViewController.h */,
				3D71E0CC199EC7E200D1338F /* MasterViewController.m */,
				3D71E0CE199EC7E200D1338F /* DetailViewController.h */,
				3D71E0CF199EC7E200D1338F /* DetailViewController.m */,
			);
			name = "View Controllers";
			sourceTree = "<group>";
		};
		3D03BB33199ECE8400AEC415 /* Resources */ = {
			isa = PBXGroup;
			children = (
				3D71E0C5199EC7E200D1338F /* Main.storyboard */,
				3D71E0D1199EC7E200D1338F /* Images.xcassets */,
				3D71E0C8199EC7E200D1338F /* ControlingSource.xcdatamodeld */,
			);
			name = Resources;
			sourceTree = "<group>";
		};
		3D71E0A5199EC7E200D1338F = {
			isa = PBXGroup;
			children = (
				3D71E0B9199EC7E200D1338F /* ControlingSource */,
				3D71E0DF199EC7E200D1338F /* ControlingSourceTests */,
				3D71E0B0199EC7E200D1338F /* Frameworks */,
				3D71E0AF199EC7E200D1338F /* Products */,
			);
			sourceTree = "<group>";
		};
		3D71E0AF199EC7E200D1338F /* Products */ = {
			isa = PBXGroup;
			children = (
				3D71E0AE199EC7E200D1338F /* ControlingSource.app */,
				3D71E0D7199EC7E200D1338F /* ControlingSourceTests.xctest */,
			);
			name = Products;
			sourceTree = "<group>";
		};
		3D71E0B0199EC7E200D1338F /* Frameworks */ = {
			isa = PBXGroup;
			children = (
				3D71E0B1199EC7E200D1338F /* Foundation.framework */,
				3D71E0B3199EC7E200D1338F /* CoreGraphics.framework */,
				3D71E0B5199EC7E200D1338F /* UIKit.framework */,
				3D71E0B7199EC7E200D1338F /* CoreData.framework */,
				3D71E0D8199EC7E200D1338F /* XCTest.framework */,
			);
			name = Frameworks;
			sourceTree = "<group>";
		};
		3D71E0B9199EC7E200D1338F /* ControlingSource */ = {
			isa = PBXGroup;
			children = (
				3D71E0C2199EC7E200D1338F /* AppDelegate.h */,
				3D71E0C3199EC7E200D1338F /* AppDelegate.m */,
				3D03BB33199ECE8400AEC415 /* Resources */,
				3D03BB32199ECE3F00AEC415 /* View Controllers */,
				3D71E0BA199EC7E200D1338F /* Supporting Files */,
			);
			path = ControlingSource;
			sourceTree = "<group>";
		};
		3D71E0BA199EC7E200D1338F /* Supporting Files */ = {
			isa = PBXGroup;
			children = (
				3D71E0BB199EC7E200D1338F /* ControlingSource-Info.plist */,
				3D71E0BC199EC7E200D1338F /* InfoPlist.strings */,
				3D71E0BF199EC7E200D1338F /* main.m */,
				3D71E0C1199EC7E200D1338F /* ControlingSource-Prefix.pch */,
			);
			name = "Supporting Files";
			sourceTree = "<group>";
		};
		3D71E0DF199EC7E200D1338F /* ControlingSourceTests */ = {
			isa = PBXGroup;
			children = (
				3D71E0E5199EC7E200D1338F /* ControlingSourceTests.m */,
				3D71E0E0199EC7E200D1338F /* Supporting Files */,
			);
			path = ControlingSourceTests;
			sourceTree = "<group>";
		};
		3D71E0E0199EC7E200D1338F /* Supporting Files */ = {
			isa = PBXGroup;
			children = (
				3D71E0E1199EC7E200D1338F /* ControlingSourceTests-Info.plist */,
				3D71E0E2199EC7E200D1338F /* InfoPlist.strings */,
			);
			name = "Supporting Files";
			sourceTree = "<group>";
		};
/* End PBXGroup section */

/* Begin PBXNativeTarget section */
		3D71E0AD199EC7E200D1338F /* ControlingSource */ = {
			isa = PBXNativeTarget;
			buildConfigurationList = 3D71E0E9199EC7E200D1338F /* Build configuration list for PBXNativeTarget "ControlingSource" */;
			buildPhases = (
				3D71E0AA199EC7E200D1338F /* Sources */,
				3D71E0AB199EC7E200D1338F /* Frameworks */,
				3D71E0AC199EC7E200D1338F /* Resources */,
			);
			buildRules = (
			);
			dependencies = (
			);
			name = ControlingSource;
			productName = ControlingSource;
			productReference = 3D71E0AE199EC7E200D1338F /* ControlingSource.app */;
			productType = "com.apple.product-type.application";
		};
		3D71E0D6199EC7E200D1338F /* ControlingSourceTests */ = {
			isa = PBXNativeTarget;
			buildConfigurationList = 3D71E0EC199EC7E200D1338F /* Build configuration list for PBXNativeTarget "ControlingSourceTests" */;
			buildPhases = (
				3D71E0D3199EC7E200D1338F /* Sources */,
				3D71E0D4199EC7E200D1338F /* Frameworks */,
				3D71E0D5199EC7E200D1338F /* Resources */,
			);
			buildRules = (
			);
			dependencies = (
				3D71E0DE199EC7E200D1338F /* PBXTargetDependency */,
			);
			name = ControlingSourceTests;
			productName = ControlingSourceTests;
			productReference = 3D71E0D7199EC7E200D1338F /* ControlingSourceTests.xctest */;
			productType = "com.apple.product-type.bundle.unit-test";
		};
/* End PBXNativeTarget section */

/* Begin PBXProject section */
		3D71E0A6199EC7E200D1338F /* Project object */ = {
			isa = PBXProject;
			attributes = {
				LastUpgradeCheck = 0510;
				ORGANIZATIONNAME = "Armstrong, Eric {BIS}";
				TargetAttributes = {
					3D71E0D6199EC7E200D1338F = {
						TestTargetID = 3D71E0AD199EC7E200D1338F;
					};
				};
			};
			buildConfigurationList = 3D71E0A9199EC7E200D1338F /* Build configuration list for PBXProject "ControlingSource" */;
			compatibilityVersion = "Xcode 3.2";
			developmentRegion = English;
			hasScannedForEncodings = 0;
			knownRegions = (
				en,
				Base,
			);
			mainGroup = 3D71E0A5199EC7E200D1338F;
			productRefGroup = 3D71E0AF199EC7E200D1338F /* Products */;
			projectDirPath = "";
			projectRoot = "";
			targets = (
				3D71E0AD199EC7E200D1338F /* ControlingSource */,
				3D71E0D6199EC7E200D1338F /* ControlingSourceTests */,
			);
		};
/* End PBXProject section */

/* Begin PBXResourcesBuildPhase section */
		3D71E0AC199EC7E200D1338F /* Resources */ = {
			isa = PBXResourcesBuildPhase;
			buildActionMask = 2147483647;
			files = (
				3D71E0D2199EC7E200D1338F /* Images.xcassets in Resources */,
				3D71E0BE199EC7E200D1338F /* InfoPlist.strings in Resources */,
				3D71E0C7199EC7E200D1338F /* Main.storyboard in Resources */,
			);
			runOnlyForDeploymentPostprocessing = 0;
		};
		3D71E0D5199EC7E200D1338F /* Resources */ = {
			isa = PBXResourcesBuildPhase;
			buildActionMask = 2147483647;
			files = (
				3D71E0E4199EC7E200D1338F /* InfoPlist.strings in Resources */,
			);
			runOnlyForDeploymentPostprocessing = 0;
		};
/* End PBXResourcesBuildPhase section */

/* Begin PBXSourcesBuildPhase section */
		3D71E0AA199EC7E200D1338F /* Sources */ = {
			isa = PBXSourcesBuildPhase;
			buildActionMask = 2147483647;
			files = (
				3D71E0D0199EC7E200D1338F /* DetailViewController.m in Sources */,
				3D71E0CD199EC7E200D1338F /* MasterViewController.m in Sources */,
				3D71E0C4199EC7E200D1338F /* AppDelegate.m in Sources */,
				3D71E0C0199EC7E200D1338F /* main.m in Sources */,
				3D71E0CA199EC7E200D1338F /* ControlingSource.xcdatamodeld in Sources */,
			);
			runOnlyForDeploymentPostprocessing = 0;
		};
		3D71E0D3199EC7E200D1338F /* Sources */ = {
			isa = PBXSourcesBuildPhase;
			buildActionMask = 2147483647;
			files = (
				3D71E0E6199EC7E200D1338F /* ControlingSourceTests.m in Sources */,
			);
			runOnlyForDeploymentPostprocessing = 0;
		};
/* End PBXSourcesBuildPhase section */

/* Begin PBXTargetDependency section */
		3D71E0DE199EC7E200D1338F /* PBXTargetDependency */ = {
			isa = PBXTargetDependency;
			target = 3D71E0AD199EC7E200D1338F /* ControlingSource */;
			targetProxy = 3D71E0DD199EC7E200D1338F /* PBXContainerItemProxy */;
		};
/* End PBXTargetDependency section */

/* Begin PBXVariantGroup section */
		3D71E0BC199EC7E200D1338F /* InfoPlist.strings */ = {
			isa = PBXVariantGroup;
			children = (
				3D71E0BD199EC7E200D1338F /* en */,
			);
			name = InfoPlist.strings;
			sourceTree = "<group>";
		};
		3D71E0C5199EC7E200D1338F /* Main.storyboard */ = {
			isa = PBXVariantGroup;
			children = (
				3D71E0C6199EC7E200D1338F /* Base */,
			);
			name = Main.storyboard;
			sourceTree = "<group>";
		};
		3D71E0E2199EC7E200D1338F /* InfoPlist.strings */ = {
			isa = PBXVariantGroup;
			children = (
				3D71E0E3199EC7E200D1338F /* en */,
			);
			name = InfoPlist.strings;
			sourceTree = "<group>";
		};
/* End PBXVariantGroup section */

/* Begin XCBuildConfiguration section */
		3D71E0E7199EC7E200D1338F /* Debug */ = {
			isa = XCBuildConfiguration;
			buildSettings = {
				ALWAYS_SEARCH_USER_PATHS = NO;
				CLANG_CXX_LANGUAGE_STANDARD = "gnu++0x";
				CLANG_CXX_LIBRARY = "libc++";
				CLANG_ENABLE_MODULES = YES;
				CLANG_ENABLE_OBJC_ARC = YES;
				CLANG_WARN_BOOL_CONVERSION = YES;
				CLANG_WARN_CONSTANT_CONVERSION = YES;
				CLANG_WARN_DIRECT_OBJC_ISA_USAGE = YES_ERROR;
				CLANG_WARN_EMPTY_BODY = YES;
				CLANG_WARN_ENUM_CONVERSION = YES;
				CLANG_WARN_INT_CONVERSION = YES;
				CLANG_WARN_OBJC_ROOT_CLASS = YES_ERROR;
				CLANG_WARN__DUPLICATE_METHOD_MATCH = YES;
				"CODE_SIGN_IDENTITY[sdk=iphoneos*]" = "iPhone Developer";
				COPY_PHASE_STRIP = NO;
				GCC_C_LANGUAGE_STANDARD = gnu99;
				GCC_DYNAMIC_NO_PIC = NO;
				GCC_OPTIMIZATION_LEVEL = 0;
				GCC_PREPROCESSOR_DEFINITIONS = (
					"DEBUG=1",
					"$(inherited)",
				);
				GCC_SYMBOLS_PRIVATE_EXTERN = NO;
				GCC_WARN_64_TO_32_BIT_CONVERSION = YES;
				GCC_WARN_ABOUT_RETURN_TYPE = YES_ERROR;
				GCC_WARN_UNDECLARED_SELECTOR = YES;
				GCC_WARN_UNINITIALIZED_AUTOS = YES_AGGRESSIVE;
				GCC_WARN_UNUSED_FUNCTION = YES;
				GCC_WARN_UNUSED_VARIABLE = YES;
				IPHONEOS_DEPLOYMENT_TARGET = 7.1;
				ONLY_ACTIVE_ARCH = YES;
				SDKROOT = iphoneos;
			};
			name = Debug;
		};
		3D71E0E8199EC7E200D1338F /* Release */ = {
			isa = XCBuildConfiguration;
			buildSettings = {
				ALWAYS_SEARCH_USER_PATHS = NO;
				CLANG_CXX_LANGUAGE_STANDARD = "gnu++0x";
				CLANG_CXX_LIBRARY = "libc++";
				CLANG_ENABLE_MODULES = YES;
				CLANG_ENABLE_OBJC_ARC = YES;
				CLANG_WARN_BOOL_CONVERSION = YES;
				CLANG_WARN_CONSTANT_CONVERSION = YES;
				CLANG_WARN_DIRECT_OBJC_ISA_USAGE = YES_ERROR;
				CLANG_WARN_EMPTY_BODY = YES;
				CLANG_WARN_ENUM_CONVERSION = YES;
				CLANG_WARN_INT_CONVERSION = YES;
				CLANG_WARN_OBJC_ROOT_CLASS = YES_ERROR;
				CLANG_WARN__DUPLICATE_METHOD_MATCH = YES;
				"CODE_SIGN_IDENTITY[sdk=iphoneos*]" = "iPhone Developer";
				COPY_PHASE_STRIP = YES;
				ENABLE_NS_ASSERTIONS = NO;
				GCC_C_LANGUAGE_STANDARD = gnu99;
				GCC_WARN_64_TO_32_BIT_CONVERSION = YES;
				GCC_WARN_ABOUT_RETURN_TYPE = YES_ERROR;
				GCC_WARN_UNDECLARED_SELECTOR = YES;
				GCC_WARN_UNINITIALIZED_AUTOS = YES_AGGRESSIVE;
				GCC_WARN_UNUSED_FUNCTION = YES;
				GCC_WARN_UNUSED_VARIABLE = YES;
				IPHONEOS_DEPLOYMENT_TARGET = 7.1;
				SDKROOT = iphoneos;
				VALIDATE_PRODUCT = YES;
			};
			name = Release;
		};
		3D71E0EA199EC7E200D1338F /* Debug */ = {
			isa = XCBuildConfiguration;
			buildSettings = {
				ASSETCATALOG_COMPILER_APPICON_NAME = AppIcon;
				ASSETCATALOG_COMPILER_LAUNCHIMAGE_NAME = LaunchImage;
				GCC_PRECOMPILE_PREFIX_HEADER = YES;
				GCC_PREFIX_HEADER = "ControlingSource/ControlingSource-Prefix.pch";
				INFOPLIST_FILE = "ControlingSource/ControlingSource-Info.plist";
				PRODUCT_NAME = "$(TARGET_NAME)";
				WRAPPER_EXTENSION = app;
			};
			name = Debug;
		};
		3D71E0EB199EC7E200D1338F /* Release */ = {
			isa = XCBuildConfiguration;
			buildSettings = {
				ASSETCATALOG_COMPILER_APPICON_NAME = AppIcon;
				ASSETCATALOG_COMPILER_LAUNCHIMAGE_NAME = LaunchImage;
				GCC_PRECOMPILE_PREFIX_HEADER = YES;
				GCC_PREFIX_HEADER = "ControlingSource/ControlingSource-Prefix.pch";
				INFOPLIST_FILE = "ControlingSource/ControlingSource-Info.plist";
				PRODUCT_NAME = "$(TARGET_NAME)";
				WRAPPER_EXTENSION = app;
			};
			name = Release;
		};
		3D71E0ED199EC7E200D1338F /* Debug */ = {
			isa = XCBuildConfiguration;
			buildSettings = {
				BUNDLE_LOADER = "$(BUILT_PRODUCTS_DIR)/ControlingSource.app/ControlingSource";
				FRAMEWORK_SEARCH_PATHS = (
					"$(SDKROOT)/Developer/Library/Frameworks",
					"$(inherited)",
					"$(DEVELOPER_FRAMEWORKS_DIR)",
				);
				GCC_PRECOMPILE_PREFIX_HEADER = YES;
				GCC_PREFIX_HEADER = "ControlingSource/ControlingSource-Prefix.pch";
				GCC_PREPROCESSOR_DEFINITIONS = (
					"DEBUG=1",
					"$(inherited)",
				);
				INFOPLIST_FILE = "ControlingSourceTests/ControlingSourceTests-Info.plist";
				PRODUCT_NAME = "$(TARGET_NAME)";
				TEST_HOST = "$(BUNDLE_LOADER)";
				WRAPPER_EXTENSION = xctest;
			};
			name = Debug;
		};
		3D71E0EE199EC7E200D1338F /* Release */ = {
			isa = XCBuildConfiguration;
			buildSettings = {
				BUNDLE_LOADER = "$(BUILT_PRODUCTS_DIR)/ControlingSource.app/ControlingSource";
				FRAMEWORK_SEARCH_PATHS = (
					"$(SDKROOT)/Developer/Library/Frameworks",
					"$(inherited)",
					"$(DEVELOPER_FRAMEWORKS_DIR)",
				);
				GCC_PRECOMPILE_PREFIX_HEADER = YES;
				GCC_PREFIX_HEADER = "ControlingSource/ControlingSource-Prefix.pch";
				INFOPLIST_FILE = "ControlingSourceTests/ControlingSourceTests-Info.plist";
				PRODUCT_NAME = "$(TARGET_NAME)";
				TEST_HOST = "$(BUNDLE_LOADER)";
				WRAPPER_EXTENSION = xctest;
			};
			name = Release;
		};
/* End XCBuildConfiguration section */

/* Begin XCConfigurationList section */
		3D71E0A9199EC7E200D1338F /* Build configuration list for PBXProject "ControlingSource" */ = {
			isa = XCConfigurationList;
			buildConfigurations = (
				3D71E0E7199EC7E200D1338F /* Debug */,
				3D71E0E8199EC7E200D1338F /* Release */,
			);
			defaultConfigurationIsVisible = 0;
			defaultConfigurationName = Release;
		};
		3D71E0E9199EC7E200D1338F /* Build configuration list for PBXNativeTarget "ControlingSource" */ = {
			isa = XCConfigurationList;
			buildConfigurations = (
				3D71E0EA199EC7E200D1338F /* Debug */,
				3D71E0EB199EC7E200D1338F /* Release */,
			);
			defaultConfigurationIsVisible = 0;
			defaultConfigurationName = Release;
		};
		3D71E0EC199EC7E200D1338F /* Build configuration list for PBXNativeTarget "ControlingSourceTests" */ = {
			isa = XCConfigurationList;
			buildConfigurations = (
				3D71E0ED199EC7E200D1338F /* Debug */,
				3D71E0EE199EC7E200D1338F /* Release */,
			);
			defaultConfigurationIsVisible = 0;
			defaultConfigurationName = Release;
		};
/* End XCConfigurationList section */

/* Begin XCVersionGroup section */
		3D71E0C8199EC7E200D1338F /* ControlingSource.xcdatamodeld */ = {
			isa = XCVersionGroup;
			children = (
				3D71E0C9199EC7E200D1338F /* ControlingSource.xcdatamodel */,
			);
			currentVersion = 3D71E0C9199EC7E200D1338F /* ControlingSource.xcdatamodel */;
			path = ControlingSource.xcdatamodeld;
			sourceTree = "<group>";
			versionGroupType = wrapper.xcdatamodel;
		};
/* End XCVersionGroup section */
	};
	rootObject = 3D71E0A6199EC7E200D1338F /* Project object */;
}
